
Microsoft Visual Studio Solution File, Format Version 12.00
# Visual Studio Version 17
VisualStudioVersion = 17.9.34607.119
MinimumVisualStudioVersion = 10.0.40219.1
Project("{FAE04EC0-301F-11D3-BF4B-00C04F79EFBC}") = "Ukiyo", "Ukiyo\Ukiyo.csproj", "{989012E0-C968-4FCD-A824-250E456E571C}"
EndProject
Project("{FAE04EC0-301F-11D3-BF4B-00C04F79EFBC}") = "DataAccessLayer", "DataAccessLayer\DataAccessLayer.csproj", "{D3782263-E788-4C6A-9F28-5AFBA7516036}"
EndProject
Global
	GlobalSection(SolutionConfigurationPlatforms) = preSolution
		Debug|Any CPU = Debug|Any CPU
		Release|Any CPU = Release|Any CPU
	EndGlobalSection
	GlobalSection(ProjectConfigurationPlatforms) = postSolution
		{989012E0-C968-4FCD-A824-250E456E571C}.Debug|Any CPU.ActiveCfg = Debug|Any CPU
		{989012E0-C968-4FCD-A824-250E456E571C}.Debug|Any CPU.Build.0 = Debug|Any CPU
		{989012E0-C968-4FCD-A824-250E456E571C}.Release|Any CPU.ActiveCfg = Release|Any CPU
		{989012E0-C968-4FCD-A824-250E456E571C}.Release|Any CPU.Build.0 = Release|Any CPU
		{D3782263-E788-4C6A-9F28-5AFBA7516036}.Debug|Any CPU.ActiveCfg = Debug|Any CPU
		{D3782263-E788-4C6A-9F28-5AFBA7516036}.Debug|Any CPU.Build.0 = Debug|Any CPU
		{D3782263-E788-4C6A-9F28-5AFBA7516036}.Release|Any CPU.ActiveCfg = Release|Any CPU
		{D3782263-E788-4C6A-9F28-5AFBA7516036}.Release|Any CPU.Build.0 = Release|Any CPU
	EndGlobalSection
	GlobalSection(SolutionProperties) = preSolution
		HideSolutionNode = FALSE
	EndGlobalSection
	GlobalSection(ExtensibilityGlobals) = postSolution
		SolutionGuid = {4C88C049-8272-4BD1-9A02-17928C84FAD6}
	EndGlobalSection
EndGlobal
